<?xml version="1.0" encoding="utf-8"?>
<Project ToolsVersion="4.0" xmlns="http://schemas.microsoft.com/developer/msbuild/2003">
  <ItemGroup>
    <ClCompile Include="Main.cpp" />
    <ClCompile Include="QuickSort.cpp">
      <Filter>QuickSort</Filter>
    </ClCompile>
    <ClCompile Include="QuickSortVisualizer.cpp">
      <Filter>QuickSort</Filter>
    </ClCompile>
    <ClCompile Include="BubbleSort.cpp">
      <Filter>BubbleSort</Filter>
    </ClCompile>
    <ClCompile Include="BubbleSortVisualizer.cpp">
      <Filter>BubbleSort</Filter>
    </ClCompile>
    <ClCompile Include="SelectionSort.cpp">
      <Filter>SelectionSort</Filter>
    </ClCompile>
    <ClCompile Include="InsertionSort.cpp">
      <Filter>InsertsionSort</Filter>
    </ClCompile>
    <ClCompile Include="InsertionSortVisualizer.cpp">
      <Filter>InsertsionSort</Filter>
    </ClCompile>
    <ClCompile Include="SelectionSortVisualizer.cpp" />
  </ItemGroup>
  <ItemGroup>
    <ClInclude Include="QuickSort.h">
      <Filter>QuickSort</Filter>
    </ClInclude>
    <ClInclude Include="QuickSortVisualizer.h">
      <Filter>QuickSort</Filter>
    </ClInclude>
    <ClInclude Include="eColorType.h">
      <Filter>Visualizer</Filter>
    </ClInclude>
    <ClInclude Include="Node.h">
      <Filter>Visualizer</Filter>
    </ClInclude>
    <ClInclude Include="eConsoleColor.h">
      <Filter>Visualizer</Filter>
    </ClInclude>
    <ClInclude Include="BubbleSortVisualizer.h">
      <Filter>BubbleSort</Filter>
    </ClInclude>
    <ClInclude Include="BubbleSort.h">
      <Filter>BubbleSort</Filter>
    </ClInclude>
    <ClInclude Include="SelectionSort.h">
      <Filter>SelectionSort</Filter>
    </ClInclude>
    <ClInclude Include="InsertionSort.h">
      <Filter>InsertsionSort</Filter>
    </ClInclude>
    <ClInclude Include="InsertionSortVisualizer.h">
      <Filter>InsertsionSort</Filter>
    </ClInclude>
    <ClInclude Include="SelectionSortVisualizer.h" />
  </ItemGroup>
  <ItemGroup>
    <Filter Include="QuickSort">
      <UniqueIdentifier>{8f127c24-8f80-4616-82fc-4dbbd60b8775}</UniqueIdentifier>
    </Filter>
    <Filter Include="Visualizer">
      <UniqueIdentifier>{15f0523f-ff16-4a3f-bdcb-241334d2bf2e}</UniqueIdentifier>
    </Filter>
    <Filter Include="BubbleSort">
      <UniqueIdentifier>{a9ad003c-2f85-4cc6-b482-a5a0dcedd671}</UniqueIdentifier>
    </Filter>
    <Filter Include="SelectionSort">
      <UniqueIdentifier>{d6b3f964-98a8-423b-a157-f6c39c9077aa}</UniqueIdentifier>
    </Filter>
    <Filter Include="InsertsionSort">
      <UniqueIdentifier>{8b14dca2-a201-4b1e-adb8-7843b33a2708}</UniqueIdentifier>
    </Filter>
  </ItemGroup>
</Project>